
Microsoft Visual Studio Solution File, Format Version 12.00
# Visual Studio 15
VisualStudioVersion = 15.0.27130.2010
MinimumVisualStudioVersion = 10.0.40219.1
Project("{FAE04EC0-301F-11D3-BF4B-00C04F79EFBC}") = "BATMobile", "BATMobile\BATMobile.csproj", "{4355EA6A-1EC6-4837-8FB8-613D51E1BD2C}"
EndProject
Project("{FAE04EC0-301F-11D3-BF4B-00C04F79EFBC}") = "BAT_Models", "BAT_Models\BAT_Models.csproj", "{A386CB7A-0DAA-4455-B0D2-7D0317C54052}"
EndProject
Project("{FAE04EC0-301F-11D3-BF4B-00C04F79EFBC}") = "BAT_Repository", "BAT_Repository\BAT_Repository.csproj", "{DF702872-7032-4F13-95F1-38DB4D1B1E22}"
EndProject
Project("{FAE04EC0-301F-11D3-BF4B-00C04F79EFBC}") = "BAT_Services", "BAT_Services\BAT_Services.csproj", "{F77806A2-E90E-4514-8615-D9AA8D7A531C}"
EndProject
Project("{FAE04EC0-301F-11D3-BF4B-00C04F79EFBC}") = "BAT_Tests", "BAT_Tests\BAT_Tests.csproj", "{5C7E47B0-B8E8-4691-8E75-7FB06A5CB75F}"
EndProject
Project("{FAE04EC0-301F-11D3-BF4B-00C04F79EFBC}") = "BAT_Utilities", "BAT_Utilities\BAT_Utilities.csproj", "{044139EC-CE5F-4DE4-B477-55CA43190703}"
EndProject
Project("{9A19103F-16F7-4668-BE54-9A1E7A4F7556}") = "Binance", "Binance\Binance.csproj", "{65DA25B7-905F-4D3F-A795-EA934717E3BE}"
EndProject
Global
	GlobalSection(SolutionConfigurationPlatforms) = preSolution
		Debug|Any CPU = Debug|Any CPU
		Release|Any CPU = Release|Any CPU
	EndGlobalSection
	GlobalSection(ProjectConfigurationPlatforms) = postSolution
		{4355EA6A-1EC6-4837-8FB8-613D51E1BD2C}.Debug|Any CPU.ActiveCfg = Debug|Any CPU
		{4355EA6A-1EC6-4837-8FB8-613D51E1BD2C}.Debug|Any CPU.Build.0 = Debug|Any CPU
		{4355EA6A-1EC6-4837-8FB8-613D51E1BD2C}.Release|Any CPU.ActiveCfg = Release|Any CPU
		{4355EA6A-1EC6-4837-8FB8-613D51E1BD2C}.Release|Any CPU.Build.0 = Release|Any CPU
		{A386CB7A-0DAA-4455-B0D2-7D0317C54052}.Debug|Any CPU.ActiveCfg = Debug|Any CPU
		{A386CB7A-0DAA-4455-B0D2-7D0317C54052}.Debug|Any CPU.Build.0 = Debug|Any CPU
		{A386CB7A-0DAA-4455-B0D2-7D0317C54052}.Release|Any CPU.ActiveCfg = Release|Any CPU
		{A386CB7A-0DAA-4455-B0D2-7D0317C54052}.Release|Any CPU.Build.0 = Release|Any CPU
		{DF702872-7032-4F13-95F1-38DB4D1B1E22}.Debug|Any CPU.ActiveCfg = Debug|Any CPU
		{DF702872-7032-4F13-95F1-38DB4D1B1E22}.Debug|Any CPU.Build.0 = Debug|Any CPU
		{DF702872-7032-4F13-95F1-38DB4D1B1E22}.Release|Any CPU.ActiveCfg = Release|Any CPU
		{DF702872-7032-4F13-95F1-38DB4D1B1E22}.Release|Any CPU.Build.0 = Release|Any CPU
		{F77806A2-E90E-4514-8615-D9AA8D7A531C}.Debug|Any CPU.ActiveCfg = Debug|Any CPU
		{F77806A2-E90E-4514-8615-D9AA8D7A531C}.Debug|Any CPU.Build.0 = Debug|Any CPU
		{F77806A2-E90E-4514-8615-D9AA8D7A531C}.Release|Any CPU.ActiveCfg = Release|Any CPU
		{F77806A2-E90E-4514-8615-D9AA8D7A531C}.Release|Any CPU.Build.0 = Release|Any CPU
		{5C7E47B0-B8E8-4691-8E75-7FB06A5CB75F}.Debug|Any CPU.ActiveCfg = Debug|Any CPU
		{5C7E47B0-B8E8-4691-8E75-7FB06A5CB75F}.Debug|Any CPU.Build.0 = Debug|Any CPU
		{5C7E47B0-B8E8-4691-8E75-7FB06A5CB75F}.Release|Any CPU.ActiveCfg = Release|Any CPU
		{5C7E47B0-B8E8-4691-8E75-7FB06A5CB75F}.Release|Any CPU.Build.0 = Release|Any CPU
		{044139EC-CE5F-4DE4-B477-55CA43190703}.Debug|Any CPU.ActiveCfg = Debug|Any CPU
		{044139EC-CE5F-4DE4-B477-55CA43190703}.Debug|Any CPU.Build.0 = Debug|Any CPU
		{044139EC-CE5F-4DE4-B477-55CA43190703}.Release|Any CPU.ActiveCfg = Release|Any CPU
		{044139EC-CE5F-4DE4-B477-55CA43190703}.Release|Any CPU.Build.0 = Release|Any CPU
		{65DA25B7-905F-4D3F-A795-EA934717E3BE}.Debug|Any CPU.ActiveCfg = Debug|Any CPU
		{65DA25B7-905F-4D3F-A795-EA934717E3BE}.Debug|Any CPU.Build.0 = Debug|Any CPU
		{65DA25B7-905F-4D3F-A795-EA934717E3BE}.Release|Any CPU.ActiveCfg = Release|Any CPU
		{65DA25B7-905F-4D3F-A795-EA934717E3BE}.Release|Any CPU.Build.0 = Release|Any CPU
	EndGlobalSection
	GlobalSection(SolutionProperties) = preSolution
		HideSolutionNode = FALSE
	EndGlobalSection
	GlobalSection(ExtensibilityGlobals) = postSolution
		SolutionGuid = {85D4D3F9-45A4-49F5-9119-6E7768A2892B}
	EndGlobalSection
EndGlobal
